
Microsoft Visual Studio Solution File, Format Version 12.00
# Visual Studio Version 16
VisualStudioVersion = 16.0.28803.202
MinimumVisualStudioVersion = 10.0.40219.1
Project("{FAE04EC0-301F-11D3-BF4B-00C04F79EFBC}") = "DroneWebsocket", "DroneWebsocket\DroneWebsocket.csproj", "{31C87DA0-1AB8-4F5F-902F-9CB008667600}"
EndProject
Global
	GlobalSection(SolutionConfigurationPlatforms) = preSolution
		Debug|Any CPU = Debug|Any CPU
		Release|Any CPU = Release|Any CPU
	EndGlobalSection
	GlobalSection(ProjectConfigurationPlatforms) = postSolution
		{31C87DA0-1AB8-4F5F-902F-9CB008667600}.Debug|Any CPU.ActiveCfg = Debug|Any CPU
		{31C87DA0-1AB8-4F5F-902F-9CB008667600}.Debug|Any CPU.Build.0 = Debug|Any CPU
		{31C87DA0-1AB8-4F5F-902F-9CB008667600}.Release|Any CPU.ActiveCfg = Release|Any CPU
		{31C87DA0-1AB8-4F5F-902F-9CB008667600}.Release|Any CPU.Build.0 = Release|Any CPU
	EndGlobalSection
	GlobalSection(SolutionProperties) = preSolution
		HideSolutionNode = FALSE
	EndGlobalSection
	GlobalSection(ExtensibilityGlobals) = postSolution
		SolutionGuid = {A5BA09B3-77C3-4A05-AE35-F778B5921923}
	EndGlobalSection
EndGlobal
